# This file is automatically @generated by Cargo.
# It is not intended for manual editing.
version = 3

[[package]]
name = "bnetcc-core"
version = "0.1.0"
dependencies = [
 "bnetcc-proto",
]

[[package]]
name = "bnetcc-crypto"
version = "0.1.0"

[[package]]
name = "bnetcc-proto"
version = "0.1.0"

[[package]]
name = "bnetcc-smoke"
version = "0.1.0"
dependencies = [
 "bnetcc-core",
 "bnetcc-crypto",
 "bnetcc-proto",
]

[[package]]
name = "bnetcc-storage"
version = "0.1.0"
dependencies = [
 "bnetcc-core",
]
